<Solution>
  <Folder Name="/src/">
    <Project Path="src/Incursa.Qpack/Incursa.Qpack.csproj" />
    <Project Path="src/Incursa.Quic/Incursa.Quic.csproj" />
    <Project Path="src/Incursa.Quic.Http3/Incursa.Quic.Http3.csproj" />
    <Project Path="src/Incursa.Quic.Qlog/Incursa.Quic.Qlog.csproj" />
    <Project Path="src/Incursa.Quic.InteropHarness/Incursa.Quic.InteropHarness.csproj" />
  </Folder>
  <Folder Name="/benchmarks/">
    <Project Path="benchmarks/Incursa.Quic.Benchmarks.csproj" />
  </Folder>
  <Folder Name="/fuzz/">
    <Project Path="fuzz/Incursa.Quic.Fuzz.csproj" />
  </Folder>
  <Folder Name="/samples/">
    <Project Path="samples/Incursa.Http3.Samples.ObjectStore/Incursa.Http3.Samples.ObjectStore.csproj" />
    <Project Path="samples/Incursa.Http3.Samples.TechEmpower/Incursa.Http3.Samples.TechEmpower.csproj" />
    <Project Path="samples/Incursa.Quic.Http3.Client/Incursa.Quic.Http3.Client.csproj" />
    <Project Path="samples/Incursa.Quic.Http3.FileServer/Incursa.Quic.Http3.FileServer.csproj" />
  </Folder>
  <Folder Name="/tests/">
    <Project Path="tests/Incursa.Quic.Tests/Incursa.Quic.Tests.csproj" />
  </Folder>
</Solution>
